
Microsoft Visual Studio Solution File, Format Version 12.00
# Visual Studio Version 16
VisualStudioVersion = 16.0.29411.108
MinimumVisualStudioVersion = 10.0.40219.1
Project("{FAE04EC0-301F-11D3-BF4B-00C04F79EFBC}") = "Ordenacao", "Ordenacao\Ordenacao.csproj", "{7C0E6860-C29D-4C1F-870A-5A9576EE3D6B}"
EndProject
Global
	GlobalSection(SolutionConfigurationPlatforms) = preSolution
		Debug|Any CPU = Debug|Any CPU
		Release|Any CPU = Release|Any CPU
	EndGlobalSection
	GlobalSection(ProjectConfigurationPlatforms) = postSolution
		{7C0E6860-C29D-4C1F-870A-5A9576EE3D6B}.Debug|Any CPU.ActiveCfg = Debug|Any CPU
		{7C0E6860-C29D-4C1F-870A-5A9576EE3D6B}.Debug|Any CPU.Build.0 = Debug|Any CPU
		{7C0E6860-C29D-4C1F-870A-5A9576EE3D6B}.Release|Any CPU.ActiveCfg = Release|Any CPU
		{7C0E6860-C29D-4C1F-870A-5A9576EE3D6B}.Release|Any CPU.Build.0 = Release|Any CPU
	EndGlobalSection
	GlobalSection(SolutionProperties) = preSolution
		HideSolutionNode = FALSE
	EndGlobalSection
	GlobalSection(ExtensibilityGlobals) = postSolution
		SolutionGuid = {8E7B1E1D-1F61-420B-B4E0-B741E1A60CB8}
	EndGlobalSection
EndGlobal
